
Microsoft Visual Studio Solution File, Format Version 12.00
# Visual Studio Version 16
VisualStudioVersion = 16.0.31321.278
MinimumVisualStudioVersion = 10.0.40219.1
Project("{FAE04EC0-301F-11D3-BF4B-00C04F79EFBC}") = "CSharpUtilities", "CSharpUtilities\CSharpUtilities.csproj", "{B97310CD-5CFA-4B99-8694-326423605327}"
EndProject
Global
	GlobalSection(SolutionConfigurationPlatforms) = preSolution
		Debug|Any CPU = Debug|Any CPU
		Release|Any CPU = Release|Any CPU
	EndGlobalSection
	GlobalSection(ProjectConfigurationPlatforms) = postSolution
		{B97310CD-5CFA-4B99-8694-326423605327}.Debug|Any CPU.ActiveCfg = Debug|Any CPU
		{B97310CD-5CFA-4B99-8694-326423605327}.Debug|Any CPU.Build.0 = Debug|Any CPU
		{B97310CD-5CFA-4B99-8694-326423605327}.Release|Any CPU.ActiveCfg = Release|Any CPU
		{B97310CD-5CFA-4B99-8694-326423605327}.Release|Any CPU.Build.0 = Release|Any CPU
	EndGlobalSection
	GlobalSection(SolutionProperties) = preSolution
		HideSolutionNode = FALSE
	EndGlobalSection
	GlobalSection(ExtensibilityGlobals) = postSolution
		SolutionGuid = {433900BB-094E-41CF-83C6-992F8D858673}
	EndGlobalSection
EndGlobal
